
Microsoft Visual Studio Solution File, Format Version 12.00
# Visual Studio Version 17
VisualStudioVersion = 17.3.32901.215
MinimumVisualStudioVersion = 10.0.40219.1
Project("{9A19103F-16F7-4668-BE54-9A1E7A4F7556}") = "SurveyMVC", "SurveyMVC\SurveyMVC.csproj", "{EC00242A-8E00-42BB-949C-27EC0CAA9BDA}"
EndProject
Project("{9A19103F-16F7-4668-BE54-9A1E7A4F7556}") = "SurveyAPI", "SurveyAPI\SurveyAPI.csproj", "{84E116DA-1929-4F7E-8436-97F890C14259}"
EndProject
Project("{2150E333-8FDC-42A3-9474-1A3956D46DE8}") = "src", "src", "{B63D53AA-A339-4CF3-95C4-C964AE2A0704}"
EndProject
Project("{2150E333-8FDC-42A3-9474-1A3956D46DE8}") = "WebAPI", "WebAPI", "{BCB93130-C2A8-49D1-9948-CEED03739D11}"
EndProject
Project("{2150E333-8FDC-42A3-9474-1A3956D46DE8}") = "WebUI", "WebUI", "{D60C55C7-9976-4835-991C-D2D9CA893131}"
EndProject
Project("{2150E333-8FDC-42A3-9474-1A3956D46DE8}") = "Application", "Application", "{EFFA81A8-84EB-4D09-8E93-F8437C0688C4}"
EndProject
Project("{2150E333-8FDC-42A3-9474-1A3956D46DE8}") = "Domain", "Domain", "{35D4757C-4EBF-432B-825E-0A911E8BD1D7}"
EndProject
Project("{2150E333-8FDC-42A3-9474-1A3956D46DE8}") = "Infrastructure", "Infrastructure", "{DAB22794-A126-494E-A73A-31649139C3E0}"
EndProject
Project("{9A19103F-16F7-4668-BE54-9A1E7A4F7556}") = "SurveyApp.DataTransferObject", "SurveyApp.DataTransferObject\SurveyApp.DataTransferObject.csproj", "{D823B56F-C752-4931-9DA4-EE01C0EEDCAE}"
EndProject
Project("{9A19103F-16F7-4668-BE54-9A1E7A4F7556}") = "SurveyApp.Services", "SurveyApp.Services\SurveyApp.Services.csproj", "{42038E7D-E31C-4054-9967-6B70141F505E}"
EndProject
Project("{9A19103F-16F7-4668-BE54-9A1E7A4F7556}") = "SurveyApp.Entities", "SurveyApp.Entities\SurveyApp.Entities.csproj", "{E03C6F79-5FDF-493F-BFAB-357ACD419725}"
EndProject
Project("{9A19103F-16F7-4668-BE54-9A1E7A4F7556}") = "SurveyApp.Infrastructure", "SurveyApp.Infrastructure\SurveyApp.Infrastructure.csproj", "{145614C6-8C13-498B-8CB8-82DDE0680A55}"
EndProject
Global
	GlobalSection(SolutionConfigurationPlatforms) = preSolution
		Debug|Any CPU = Debug|Any CPU
		Release|Any CPU = Release|Any CPU
	EndGlobalSection
	GlobalSection(ProjectConfigurationPlatforms) = postSolution
		{EC00242A-8E00-42BB-949C-27EC0CAA9BDA}.Debug|Any CPU.ActiveCfg = Debug|Any CPU
		{EC00242A-8E00-42BB-949C-27EC0CAA9BDA}.Debug|Any CPU.Build.0 = Debug|Any CPU
		{EC00242A-8E00-42BB-949C-27EC0CAA9BDA}.Release|Any CPU.ActiveCfg = Release|Any CPU
		{EC00242A-8E00-42BB-949C-27EC0CAA9BDA}.Release|Any CPU.Build.0 = Release|Any CPU
		{84E116DA-1929-4F7E-8436-97F890C14259}.Debug|Any CPU.ActiveCfg = Debug|Any CPU
		{84E116DA-1929-4F7E-8436-97F890C14259}.Debug|Any CPU.Build.0 = Debug|Any CPU
		{84E116DA-1929-4F7E-8436-97F890C14259}.Release|Any CPU.ActiveCfg = Release|Any CPU
		{84E116DA-1929-4F7E-8436-97F890C14259}.Release|Any CPU.Build.0 = Release|Any CPU
		{D823B56F-C752-4931-9DA4-EE01C0EEDCAE}.Debug|Any CPU.ActiveCfg = Debug|Any CPU
		{D823B56F-C752-4931-9DA4-EE01C0EEDCAE}.Debug|Any CPU.Build.0 = Debug|Any CPU
		{D823B56F-C752-4931-9DA4-EE01C0EEDCAE}.Release|Any CPU.ActiveCfg = Release|Any CPU
		{D823B56F-C752-4931-9DA4-EE01C0EEDCAE}.Release|Any CPU.Build.0 = Release|Any CPU
		{42038E7D-E31C-4054-9967-6B70141F505E}.Debug|Any CPU.ActiveCfg = Debug|Any CPU
		{42038E7D-E31C-4054-9967-6B70141F505E}.Debug|Any CPU.Build.0 = Debug|Any CPU
		{42038E7D-E31C-4054-9967-6B70141F505E}.Release|Any CPU.ActiveCfg = Release|Any CPU
		{42038E7D-E31C-4054-9967-6B70141F505E}.Release|Any CPU.Build.0 = Release|Any CPU
		{E03C6F79-5FDF-493F-BFAB-357ACD419725}.Debug|Any CPU.ActiveCfg = Debug|Any CPU
		{E03C6F79-5FDF-493F-BFAB-357ACD419725}.Debug|Any CPU.Build.0 = Debug|Any CPU
		{E03C6F79-5FDF-493F-BFAB-357ACD419725}.Release|Any CPU.ActiveCfg = Release|Any CPU
		{E03C6F79-5FDF-493F-BFAB-357ACD419725}.Release|Any CPU.Build.0 = Release|Any CPU
		{145614C6-8C13-498B-8CB8-82DDE0680A55}.Debug|Any CPU.ActiveCfg = Debug|Any CPU
		{145614C6-8C13-498B-8CB8-82DDE0680A55}.Debug|Any CPU.Build.0 = Debug|Any CPU
		{145614C6-8C13-498B-8CB8-82DDE0680A55}.Release|Any CPU.ActiveCfg = Release|Any CPU
		{145614C6-8C13-498B-8CB8-82DDE0680A55}.Release|Any CPU.Build.0 = Release|Any CPU
	EndGlobalSection
	GlobalSection(SolutionProperties) = preSolution
		HideSolutionNode = FALSE
	EndGlobalSection
	GlobalSection(NestedProjects) = preSolution
		{EC00242A-8E00-42BB-949C-27EC0CAA9BDA} = {D60C55C7-9976-4835-991C-D2D9CA893131}
		{84E116DA-1929-4F7E-8436-97F890C14259} = {BCB93130-C2A8-49D1-9948-CEED03739D11}
		{BCB93130-C2A8-49D1-9948-CEED03739D11} = {B63D53AA-A339-4CF3-95C4-C964AE2A0704}
		{D60C55C7-9976-4835-991C-D2D9CA893131} = {B63D53AA-A339-4CF3-95C4-C964AE2A0704}
		{EFFA81A8-84EB-4D09-8E93-F8437C0688C4} = {B63D53AA-A339-4CF3-95C4-C964AE2A0704}
		{35D4757C-4EBF-432B-825E-0A911E8BD1D7} = {B63D53AA-A339-4CF3-95C4-C964AE2A0704}
		{DAB22794-A126-494E-A73A-31649139C3E0} = {B63D53AA-A339-4CF3-95C4-C964AE2A0704}
		{D823B56F-C752-4931-9DA4-EE01C0EEDCAE} = {EFFA81A8-84EB-4D09-8E93-F8437C0688C4}
		{42038E7D-E31C-4054-9967-6B70141F505E} = {EFFA81A8-84EB-4D09-8E93-F8437C0688C4}
		{E03C6F79-5FDF-493F-BFAB-357ACD419725} = {35D4757C-4EBF-432B-825E-0A911E8BD1D7}
		{145614C6-8C13-498B-8CB8-82DDE0680A55} = {DAB22794-A126-494E-A73A-31649139C3E0}
	EndGlobalSection
	GlobalSection(ExtensibilityGlobals) = postSolution
		SolutionGuid = {26020396-81B3-4142-A321-59A38ABA0429}
	EndGlobalSection
EndGlobal
